
Microsoft Visual Studio Solution File, Format Version 12.00
# Visual Studio Version 17
VisualStudioVersion = 17.0.31912.275
MinimumVisualStudioVersion = 10.0.40219.1
Project("{FAE04EC0-301F-11D3-BF4B-00C04F79EFBC}") = "module6", "module6\module6.csproj", "{52A0FECD-CBDA-4E4C-B448-4A96C2CD0C72}"
EndProject
Global
	GlobalSection(SolutionConfigurationPlatforms) = preSolution
		Debug|Any CPU = Debug|Any CPU
		Release|Any CPU = Release|Any CPU
	EndGlobalSection
	GlobalSection(ProjectConfigurationPlatforms) = postSolution
		{52A0FECD-CBDA-4E4C-B448-4A96C2CD0C72}.Debug|Any CPU.ActiveCfg = Debug|Any CPU
		{52A0FECD-CBDA-4E4C-B448-4A96C2CD0C72}.Debug|Any CPU.Build.0 = Debug|Any CPU
		{52A0FECD-CBDA-4E4C-B448-4A96C2CD0C72}.Release|Any CPU.ActiveCfg = Release|Any CPU
		{52A0FECD-CBDA-4E4C-B448-4A96C2CD0C72}.Release|Any CPU.Build.0 = Release|Any CPU
	EndGlobalSection
	GlobalSection(SolutionProperties) = preSolution
		HideSolutionNode = FALSE
	EndGlobalSection
	GlobalSection(ExtensibilityGlobals) = postSolution
		SolutionGuid = {B479D965-D8CA-4BBA-8820-81735C4286C3}
	EndGlobalSection
EndGlobal
